# This file is autogenerated, do not edit; changes may be undone by the next 'dep ensure'.


[[projects]]
  branch = "master"
  name = "github.com/mattn/go-sqlite3"
  packages = ["."]
  revision = "83772a7051f5e30d8e59746a9e43dfa706b72f3b"

[[projects]]
  branch = "master"
  name = "golang.org/x/net"
  packages = ["context"]
  revision = "59a0b19b5533c7977ddeb86b017bf507ed407b12"

[[projects]]
  name = "gopkg.in/mcuadros/go-syslog.v2"
  packages = [".","format","internal/syslogparser","internal/syslogparser/rfc3164","internal/syslogparser/rfc5424"]
  revision = "9cf13b7327c0e153da3cba3540c2ae2b879c3859"
  version = "v2.2.1"

[solve-meta]
  analyzer-name = "dep"
  analyzer-version = 1
  inputs-digest = "15393ca7ec6c46245aabfb6f3aa23637e52d33789ed9c1610001be72d0531247"
  solver-name = "gps-cdcl"
  solver-version = 1
